{
  "version": 4,
  "terraform_version": "1.3.2",
  "serial": 44,
  "lineage": "ba94ff06-d1bf-8240-a54c-bf736c836c09",
  "outputs": {
    "linux_vm_admin_password": {
      "value": "HhUwZtl!KLu\u0026y$3z",
      "type": "string",
      "sensitive": true
    },
    "linux_vm_admin_username": {
      "value": "sapadmin",
      "type": "string"
    },
    "linux_vm_ip_address": {
      "value": "20.16.254.77",
      "type": "string"
    },
    "linux_vm_name": {
      "value": "sapvm1",
      "type": "string"
    }
  },
  "resources": [
    {
      "mode": "data",
      "type": "template_file",
      "name": "vm-cloud-init",
      "provider": "provider[\"registry.terraform.io/hashicorp/template\"]",
      "instances": [
        {
          "schema_version": 0,
          "attributes": {
            "filename": null,
            "id": "0358538512d220d2d029bc2f8cb9a2612ec50c26a736c915f4d61167996b3716",
            "rendered": "#! /bin/bash\nsudo apt-get update\nsudo apt-get install -y apache2\nsudo systemctl start apache2\nsudo systemctl enable apache2\necho \"\u003ch1\u003eWeb Server !!! Vijay \u003c/h1\u003e\" | sudo tee /var/www/html/index.html",
            "template": "#! /bin/bash\nsudo apt-get update\nsudo apt-get install -y apache2\nsudo systemctl start apache2\nsudo systemctl enable apache2\necho \"\u003ch1\u003eWeb Server !!! Vijay \u003c/h1\u003e\" | sudo tee /var/www/html/index.html",
            "vars": null
          },
          "sensitive_attributes": []
        }
      ]
    },
    {
      "mode": "managed",
      "type": "azurerm_linux_virtual_machine",
      "name": "vm",
      "provider": "provider[\"registry.terraform.io/hashicorp/azurerm\"]",
      "instances": [
        {
          "schema_version": 0,
          "attributes": {
            "additional_capabilities": [],
            "admin_password": "HhUwZtl!KLu\u0026y$3z",
            "admin_ssh_key": [],
            "admin_username": "sapadmin",
            "allow_extension_operations": true,
            "availability_set_id": "",
            "boot_diagnostics": [],
            "computer_name": "sapvm1",
            "custom_data": "IyEgL2Jpbi9iYXNoCnN1ZG8gYXB0LWdldCB1cGRhdGUKc3VkbyBhcHQtZ2V0IGluc3RhbGwgLXkgYXBhY2hlMgpzdWRvIHN5c3RlbWN0bCBzdGFydCBhcGFjaGUyCnN1ZG8gc3lzdGVtY3RsIGVuYWJsZSBhcGFjaGUyCmVjaG8gIjxoMT5XZWIgU2VydmVyICEhISBWaWpheSA8L2gxPiIgfCBzdWRvIHRlZSAvdmFyL3d3dy9odG1sL2luZGV4Lmh0bWw=",
            "dedicated_host_group_id": "",
            "dedicated_host_id": "",
            "disable_password_authentication": false,
            "encryption_at_host_enabled": false,
            "eviction_policy": "",
            "extensions_time_budget": "PT1H30M",
            "id": "/subscriptions/7a90d95f-d8f5-4001-8059-6427876f2833/resourceGroups/sap/providers/Microsoft.Compute/virtualMachines/sapvm1",
            "identity": [],
            "license_type": "",
            "location": "westeurope",
            "max_bid_price": -1,
            "name": "sapvm1",
            "network_interface_ids": [
              "/subscriptions/7a90d95f-d8f5-4001-8059-6427876f2833/resourceGroups/sap/providers/Microsoft.Network/networkInterfaces/sap-nic"
            ],
            "os_disk": [
              {
                "caching": "ReadWrite",
                "diff_disk_settings": [],
                "disk_encryption_set_id": "",
                "disk_size_gb": 30,
                "name": "sapvm1_OsDisk_1_ee4747852a6f4327a451a71491231e37",
                "storage_account_type": "Standard_LRS",
                "write_accelerator_enabled": false
              }
            ],
            "patch_mode": "ImageDefault",
            "plan": [],
            "platform_fault_domain": -1,
            "priority": "Regular",
            "private_ip_address": "10.0.0.4",
            "private_ip_addresses": [
              "10.0.0.4"
            ],
            "provision_vm_agent": true,
            "proximity_placement_group_id": "",
            "public_ip_address": "20.16.254.77",
            "public_ip_addresses": [
              "20.16.254.77"
            ],
            "resource_group_name": "sap",
            "secret": [],
            "secure_boot_enabled": false,
            "size": "Standard_F2",
            "source_image_id": "",
            "source_image_reference": [
              {
                "offer": "UbuntuServer",
                "publisher": "Canonical",
                "sku": "16.04-LTS",
                "version": "latest"
              }
            ],
            "tags": {},
            "timeouts": null,
            "user_data": "",
            "virtual_machine_id": "2b98ab05-6a25-42a4-9931-3018a7111c3c",
            "virtual_machine_scale_set_id": "",
            "vtpm_enabled": false,
            "zone": ""
          },
          "sensitive_attributes": [
            [
              {
                "type": "get_attr",
                "value": "admin_password"
              }
            ]
          ],
          "private": "eyJlMmJmYjczMC1lY2FhLTExZTYtOGY4OC0zNDM2M2JjN2M0YzAiOnsiY3JlYXRlIjoyNzAwMDAwMDAwMDAwLCJkZWxldGUiOjI3MDAwMDAwMDAwMDAsInJlYWQiOjMwMDAwMDAwMDAwMCwidXBkYXRlIjoyNzAwMDAwMDAwMDAwfX0=",
          "dependencies": [
            "azurerm_network_interface.nic",
            "azurerm_public_ip.vm-ip",
            "azurerm_resource_group.rg",
            "azurerm_subnet.subnet",
            "azurerm_virtual_network.vnet",
            "data.template_file.vm-cloud-init",
            "random_password.vm-password"
          ]
        }
      ]
    },
    {
      "mode": "managed",
      "type": "azurerm_network_interface",
      "name": "nic",
      "provider": "provider[\"registry.terraform.io/hashicorp/azurerm\"]",
      "instances": [
        {
          "schema_version": 0,
          "attributes": {
            "applied_dns_servers": [],
            "dns_servers": [],
            "enable_accelerated_networking": false,
            "enable_ip_forwarding": false,
            "id": "/subscriptions/7a90d95f-d8f5-4001-8059-6427876f2833/resourceGroups/sap/providers/Microsoft.Network/networkInterfaces/sap-nic",
            "internal_dns_name_label": "",
            "internal_domain_name_suffix": "wrap1xak5mxepg1h43iwdjkkhc.ax.internal.cloudapp.net",
            "ip_configuration": [
              {
                "gateway_load_balancer_frontend_ip_configuration_id": "",
                "name": "internal",
                "primary": true,
                "private_ip_address": "10.0.0.4",
                "private_ip_address_allocation": "Dynamic",
                "private_ip_address_version": "IPv4",
                "public_ip_address_id": "/subscriptions/7a90d95f-d8f5-4001-8059-6427876f2833/resourceGroups/sap/providers/Microsoft.Network/publicIPAddresses/sapvm1-ip",
                "subnet_id": "/subscriptions/7a90d95f-d8f5-4001-8059-6427876f2833/resourceGroups/sap/providers/Microsoft.Network/virtualNetworks/sap-vnet/subnets/sap-vnet-subnet"
              }
            ],
            "location": "westeurope",
            "mac_address": "00-0D-3A-38-46-29",
            "name": "sap-nic",
            "private_ip_address": "10.0.0.4",
            "private_ip_addresses": [
              "10.0.0.4"
            ],
            "resource_group_name": "sap",
            "tags": {},
            "timeouts": null,
            "virtual_machine_id": "/subscriptions/7a90d95f-d8f5-4001-8059-6427876f2833/resourceGroups/sap/providers/Microsoft.Compute/virtualMachines/sapvm1"
          },
          "sensitive_attributes": [],
          "private": "eyJlMmJmYjczMC1lY2FhLTExZTYtOGY4OC0zNDM2M2JjN2M0YzAiOnsiY3JlYXRlIjoxODAwMDAwMDAwMDAwLCJkZWxldGUiOjE4MDAwMDAwMDAwMDAsInJlYWQiOjMwMDAwMDAwMDAwMCwidXBkYXRlIjoxODAwMDAwMDAwMDAwfX0=",
          "dependencies": [
            "azurerm_public_ip.vm-ip",
            "azurerm_resource_group.rg",
            "azurerm_subnet.subnet",
            "azurerm_virtual_network.vnet"
          ]
        }
      ]
    },
    {
      "mode": "managed",
      "type": "azurerm_network_security_group",
      "name": "vm-nsg",
      "provider": "provider[\"registry.terraform.io/hashicorp/azurerm\"]",
      "instances": [
        {
          "schema_version": 0,
          "attributes": {
            "id": "/subscriptions/7a90d95f-d8f5-4001-8059-6427876f2833/resourceGroups/sap/providers/Microsoft.Network/networkSecurityGroups/sapvm1-nsg",
            "location": "westeurope",
            "name": "sapvm1-nsg",
            "resource_group_name": "sap",
            "security_rule": [
              {
                "access": "Allow",
                "description": "A simple rule to allow HTTP traffic",
                "destination_address_prefix": "*",
                "destination_address_prefixes": [],
                "destination_application_security_group_ids": [],
                "destination_port_range": "80",
                "destination_port_ranges": [],
                "direction": "Inbound",
                "name": "AllowHTTP",
                "priority": 100,
                "protocol": "Tcp",
                "source_address_prefix": "Internet",
                "source_address_prefixes": [],
                "source_application_security_group_ids": [],
                "source_port_range": "*",
                "source_port_ranges": []
              },
              {
                "access": "Allow",
                "description": "Allow SSH connection",
                "destination_address_prefix": "*",
                "destination_address_prefixes": [],
                "destination_application_security_group_ids": [],
                "destination_port_range": "22",
                "destination_port_ranges": [],
                "direction": "Inbound",
                "name": "AllowSSH",
                "priority": 150,
                "protocol": "Tcp",
                "source_address_prefix": "Internet",
                "source_address_prefixes": [],
                "source_application_security_group_ids": [],
                "source_port_range": "*",
                "source_port_ranges": []
              }
            ],
            "tags": {
              "environment": "sap-dev"
            },
            "timeouts": null
          },
          "sensitive_attributes": [],
          "private": "eyJlMmJmYjczMC1lY2FhLTExZTYtOGY4OC0zNDM2M2JjN2M0YzAiOnsiY3JlYXRlIjoxODAwMDAwMDAwMDAwLCJkZWxldGUiOjE4MDAwMDAwMDAwMDAsInJlYWQiOjMwMDAwMDAwMDAwMCwidXBkYXRlIjoxODAwMDAwMDAwMDAwfX0=",
          "dependencies": [
            "azurerm_resource_group.rg"
          ]
        }
      ]
    },
    {
      "mode": "managed",
      "type": "azurerm_public_ip",
      "name": "vm-ip",
      "provider": "provider[\"registry.terraform.io/hashicorp/azurerm\"]",
      "instances": [
        {
          "schema_version": 0,
          "attributes": {
            "allocation_method": "Static",
            "availability_zone": "No-Zone",
            "domain_name_label": null,
            "fqdn": null,
            "id": "/subscriptions/7a90d95f-d8f5-4001-8059-6427876f2833/resourceGroups/sap/providers/Microsoft.Network/publicIPAddresses/sapvm1-ip",
            "idle_timeout_in_minutes": 4,
            "ip_address": "20.16.254.77",
            "ip_tags": {},
            "ip_version": "IPv4",
            "location": "westeurope",
            "name": "sapvm1-ip",
            "public_ip_prefix_id": null,
            "resource_group_name": "sap",
            "reverse_fqdn": null,
            "sku": "Basic",
            "sku_tier": "Regional",
            "tags": {
              "environment": "sap-dev"
            },
            "timeouts": null,
            "zones": []
          },
          "sensitive_attributes": [],
          "private": "eyJlMmJmYjczMC1lY2FhLTExZTYtOGY4OC0zNDM2M2JjN2M0YzAiOnsiY3JlYXRlIjoxODAwMDAwMDAwMDAwLCJkZWxldGUiOjE4MDAwMDAwMDAwMDAsInJlYWQiOjMwMDAwMDAwMDAwMCwidXBkYXRlIjoxODAwMDAwMDAwMDAwfX0=",
          "dependencies": [
            "azurerm_resource_group.rg"
          ]
        }
      ]
    },
    {
      "mode": "managed",
      "type": "azurerm_resource_group",
      "name": "rg",
      "provider": "provider[\"registry.terraform.io/hashicorp/azurerm\"]",
      "instances": [
        {
          "schema_version": 0,
          "attributes": {
            "id": "/subscriptions/7a90d95f-d8f5-4001-8059-6427876f2833/resourceGroups/sap",
            "location": "westeurope",
            "name": "sap",
            "tags": {},
            "timeouts": null
          },
          "sensitive_attributes": [],
          "private": "eyJlMmJmYjczMC1lY2FhLTExZTYtOGY4OC0zNDM2M2JjN2M0YzAiOnsiY3JlYXRlIjo1NDAwMDAwMDAwMDAwLCJkZWxldGUiOjU0MDAwMDAwMDAwMDAsInJlYWQiOjMwMDAwMDAwMDAwMCwidXBkYXRlIjo1NDAwMDAwMDAwMDAwfX0="
        }
      ]
    },
    {
      "mode": "managed",
      "type": "azurerm_subnet",
      "name": "subnet",
      "provider": "provider[\"registry.terraform.io/hashicorp/azurerm\"]",
      "instances": [
        {
          "schema_version": 0,
          "attributes": {
            "address_prefix": "10.0.0.0/16",
            "address_prefixes": [
              "10.0.0.0/16"
            ],
            "delegation": [],
            "enforce_private_link_endpoint_network_policies": false,
            "enforce_private_link_service_network_policies": false,
            "id": "/subscriptions/7a90d95f-d8f5-4001-8059-6427876f2833/resourceGroups/sap/providers/Microsoft.Network/virtualNetworks/sap-vnet/subnets/sap-vnet-subnet",
            "name": "sap-vnet-subnet",
            "resource_group_name": "sap",
            "service_endpoint_policy_ids": [],
            "service_endpoints": [],
            "timeouts": null,
            "virtual_network_name": "sap-vnet"
          },
          "sensitive_attributes": [],
          "private": "eyJlMmJmYjczMC1lY2FhLTExZTYtOGY4OC0zNDM2M2JjN2M0YzAiOnsiY3JlYXRlIjoxODAwMDAwMDAwMDAwLCJkZWxldGUiOjE4MDAwMDAwMDAwMDAsInJlYWQiOjMwMDAwMDAwMDAwMCwidXBkYXRlIjoxODAwMDAwMDAwMDAwfX0=",
          "dependencies": [
            "azurerm_resource_group.rg",
            "azurerm_virtual_network.vnet"
          ]
        }
      ]
    },
    {
      "mode": "managed",
      "type": "azurerm_subnet_network_security_group_association",
      "name": "vm-nsg-association",
      "provider": "provider[\"registry.terraform.io/hashicorp/azurerm\"]",
      "instances": [
        {
          "schema_version": 0,
          "attributes": {
            "id": "/subscriptions/7a90d95f-d8f5-4001-8059-6427876f2833/resourceGroups/sap/providers/Microsoft.Network/virtualNetworks/sap-vnet/subnets/sap-vnet-subnet",
            "network_security_group_id": "/subscriptions/7a90d95f-d8f5-4001-8059-6427876f2833/resourceGroups/sap/providers/Microsoft.Network/networkSecurityGroups/sapvm1-nsg",
            "subnet_id": "/subscriptions/7a90d95f-d8f5-4001-8059-6427876f2833/resourceGroups/sap/providers/Microsoft.Network/virtualNetworks/sap-vnet/subnets/sap-vnet-subnet",
            "timeouts": null
          },
          "sensitive_attributes": [],
          "private": "eyJlMmJmYjczMC1lY2FhLTExZTYtOGY4OC0zNDM2M2JjN2M0YzAiOnsiY3JlYXRlIjoxODAwMDAwMDAwMDAwLCJkZWxldGUiOjE4MDAwMDAwMDAwMDAsInJlYWQiOjMwMDAwMDAwMDAwMCwidXBkYXRlIjoxODAwMDAwMDAwMDAwfX0=",
          "dependencies": [
            "azurerm_network_security_group.vm-nsg",
            "azurerm_resource_group.rg",
            "azurerm_subnet.subnet",
            "azurerm_virtual_network.vnet"
          ]
        }
      ]
    },
    {
      "mode": "managed",
      "type": "azurerm_virtual_network",
      "name": "vnet",
      "provider": "provider[\"registry.terraform.io/hashicorp/azurerm\"]",
      "instances": [
        {
          "schema_version": 0,
          "attributes": {
            "address_space": [
              "10.0.0.0/16"
            ],
            "bgp_community": "",
            "ddos_protection_plan": [],
            "dns_servers": [],
            "flow_timeout_in_minutes": 0,
            "guid": "dcfd40b4-fb0a-472e-9b67-f75161a54a3a",
            "id": "/subscriptions/7a90d95f-d8f5-4001-8059-6427876f2833/resourceGroups/sap/providers/Microsoft.Network/virtualNetworks/sap-vnet",
            "location": "westeurope",
            "name": "sap-vnet",
            "resource_group_name": "sap",
            "subnet": [
              {
                "address_prefix": "10.0.0.0/16",
                "id": "/subscriptions/7a90d95f-d8f5-4001-8059-6427876f2833/resourceGroups/sap/providers/Microsoft.Network/virtualNetworks/sap-vnet/subnets/sap-vnet-subnet",
                "name": "sap-vnet-subnet",
                "security_group": "/subscriptions/7a90d95f-d8f5-4001-8059-6427876f2833/resourceGroups/sap/providers/Microsoft.Network/networkSecurityGroups/sapvm1-nsg"
              }
            ],
            "tags": {},
            "timeouts": null,
            "vm_protection_enabled": false
          },
          "sensitive_attributes": [],
          "private": "eyJlMmJmYjczMC1lY2FhLTExZTYtOGY4OC0zNDM2M2JjN2M0YzAiOnsiY3JlYXRlIjoxODAwMDAwMDAwMDAwLCJkZWxldGUiOjE4MDAwMDAwMDAwMDAsInJlYWQiOjMwMDAwMDAwMDAwMCwidXBkYXRlIjoxODAwMDAwMDAwMDAwfX0=",
          "dependencies": [
            "azurerm_resource_group.rg"
          ]
        }
      ]
    },
    {
      "mode": "managed",
      "type": "random_password",
      "name": "vm-password",
      "provider": "provider[\"registry.terraform.io/hashicorp/random\"]",
      "instances": [
        {
          "schema_version": 3,
          "attributes": {
            "bcrypt_hash": "$2a$10$5OUMxf7FrLc8DL9zx42M/eIGRVVTenaVRg.sbE.WhHNOc2cgYMgeq",
            "id": "none",
            "keepers": null,
            "length": 16,
            "lower": true,
            "min_lower": 2,
            "min_numeric": 0,
            "min_special": 2,
            "min_upper": 2,
            "number": true,
            "numeric": true,
            "override_special": "!@#$%\u0026",
            "result": "HhUwZtl!KLu\u0026y$3z",
            "special": true,
            "upper": true
          },
          "sensitive_attributes": []
        }
      ]
    }
  ],
  "check_results": []
}
